
Microsoft Visual Studio Solution File, Format Version 12.00
# Visual Studio Version 17
VisualStudioVersion = 17.3.32901.215
MinimumVisualStudioVersion = 10.0.40219.1
Project("{FAE04EC0-301F-11D3-BF4B-00C04F79EFBC}") = "Console_Heritance", "Console_Heritance\Console_Heritance.csproj", "{0AB411A5-9599-46CB-94D3-E9894E625795}"
EndProject
Global
	GlobalSection(SolutionConfigurationPlatforms) = preSolution
		Debug|Any CPU = Debug|Any CPU
		Release|Any CPU = Release|Any CPU
	EndGlobalSection
	GlobalSection(ProjectConfigurationPlatforms) = postSolution
		{0AB411A5-9599-46CB-94D3-E9894E625795}.Debug|Any CPU.ActiveCfg = Debug|Any CPU
		{0AB411A5-9599-46CB-94D3-E9894E625795}.Debug|Any CPU.Build.0 = Debug|Any CPU
		{0AB411A5-9599-46CB-94D3-E9894E625795}.Release|Any CPU.ActiveCfg = Release|Any CPU
		{0AB411A5-9599-46CB-94D3-E9894E625795}.Release|Any CPU.Build.0 = Release|Any CPU
	EndGlobalSection
	GlobalSection(SolutionProperties) = preSolution
		HideSolutionNode = FALSE
	EndGlobalSection
	GlobalSection(ExtensibilityGlobals) = postSolution
		SolutionGuid = {5BFD42BA-F949-41FD-BD91-982D2D848251}
	EndGlobalSection
EndGlobal
