
Microsoft Visual Studio Solution File, Format Version 12.00
# Visual Studio Version 17
VisualStudioVersion = 17.3.32901.215
MinimumVisualStudioVersion = 10.0.40219.1
Project("{FAE04EC0-301F-11D3-BF4B-00C04F79EFBC}") = "Ariketa2", "Ariketa2\Ariketa2.csproj", "{BF78E6EA-EE06-43F3-92C0-37EC7C69E9BA}"
EndProject
Global
	GlobalSection(SolutionConfigurationPlatforms) = preSolution
		Debug|Any CPU = Debug|Any CPU
		Release|Any CPU = Release|Any CPU
	EndGlobalSection
	GlobalSection(ProjectConfigurationPlatforms) = postSolution
		{BF78E6EA-EE06-43F3-92C0-37EC7C69E9BA}.Debug|Any CPU.ActiveCfg = Debug|Any CPU
		{BF78E6EA-EE06-43F3-92C0-37EC7C69E9BA}.Debug|Any CPU.Build.0 = Debug|Any CPU
		{BF78E6EA-EE06-43F3-92C0-37EC7C69E9BA}.Release|Any CPU.ActiveCfg = Release|Any CPU
		{BF78E6EA-EE06-43F3-92C0-37EC7C69E9BA}.Release|Any CPU.Build.0 = Release|Any CPU
	EndGlobalSection
	GlobalSection(SolutionProperties) = preSolution
		HideSolutionNode = FALSE
	EndGlobalSection
	GlobalSection(ExtensibilityGlobals) = postSolution
		SolutionGuid = {68675CA4-6416-4D5B-BAA1-44E911D02648}
	EndGlobalSection
EndGlobal
