
Microsoft Visual Studio Solution File, Format Version 12.00
# Visual Studio Version 17
VisualStudioVersion = 17.3.32901.215
MinimumVisualStudioVersion = 10.0.40219.1
Project("{FAE04EC0-301F-11D3-BF4B-00C04F79EFBC}") = "kaixoMundua", "kaixoMundua\kaixoMundua.csproj", "{365E8753-9223-449F-BEAE-74DC18A62621}"
EndProject
Global
	GlobalSection(SolutionConfigurationPlatforms) = preSolution
		Debug|Any CPU = Debug|Any CPU
		Release|Any CPU = Release|Any CPU
	EndGlobalSection
	GlobalSection(ProjectConfigurationPlatforms) = postSolution
		{365E8753-9223-449F-BEAE-74DC18A62621}.Debug|Any CPU.ActiveCfg = Debug|Any CPU
		{365E8753-9223-449F-BEAE-74DC18A62621}.Debug|Any CPU.Build.0 = Debug|Any CPU
		{365E8753-9223-449F-BEAE-74DC18A62621}.Release|Any CPU.ActiveCfg = Release|Any CPU
		{365E8753-9223-449F-BEAE-74DC18A62621}.Release|Any CPU.Build.0 = Release|Any CPU
	EndGlobalSection
	GlobalSection(SolutionProperties) = preSolution
		HideSolutionNode = FALSE
	EndGlobalSection
	GlobalSection(ExtensibilityGlobals) = postSolution
		SolutionGuid = {31A0235B-52C6-43ED-B7F1-33AB4E239BF8}
	EndGlobalSection
EndGlobal
